
Microsoft Visual Studio Solution File, Format Version 12.00
# Visual Studio Version 17
VisualStudioVersion = 17.3.32929.385
MinimumVisualStudioVersion = 10.0.40219.1
Project("{FAE04EC0-301F-11D3-BF4B-00C04F79EFBC}") = "LR1ApakorOptimization", "LR1ApakorOptimization\LR1ApakorOptimization.csproj", "{43750C5C-EEAE-421C-8490-B671EFA79E6D}"
EndProject
Global
	GlobalSection(SolutionConfigurationPlatforms) = preSolution
		Debug|Any CPU = Debug|Any CPU
		Release|Any CPU = Release|Any CPU
	EndGlobalSection
	GlobalSection(ProjectConfigurationPlatforms) = postSolution
		{43750C5C-EEAE-421C-8490-B671EFA79E6D}.Debug|Any CPU.ActiveCfg = Debug|Any CPU
		{43750C5C-EEAE-421C-8490-B671EFA79E6D}.Debug|Any CPU.Build.0 = Debug|Any CPU
		{43750C5C-EEAE-421C-8490-B671EFA79E6D}.Release|Any CPU.ActiveCfg = Release|Any CPU
		{43750C5C-EEAE-421C-8490-B671EFA79E6D}.Release|Any CPU.Build.0 = Release|Any CPU
	EndGlobalSection
	GlobalSection(SolutionProperties) = preSolution
		HideSolutionNode = FALSE
	EndGlobalSection
	GlobalSection(ExtensibilityGlobals) = postSolution
		SolutionGuid = {D7900099-DB2A-456B-9F39-99F109B280DC}
	EndGlobalSection
EndGlobal
